// !$*UTF8*$!
{
	archiveVersion = 1;
	classes = {
	};
	objectVersion = 50;
	objects = {

/* Begin PBXBuildFile section */
		10E2F815232625EC007A28F6 /* AppDelegate.swift in Sources */ = {isa = PBXBuildFile; fileRef = 10E2F814232625EC007A28F6 /* AppDelegate.swift */; };
		10E2F817232625EC007A28F6 /* ViewController.swift in Sources */ = {isa = PBXBuildFile; fileRef = 10E2F816232625EC007A28F6 /* ViewController.swift */; };
		10E2F81A232625EC007A28F6 /* Main.storyboard in Resources */ = {isa = PBXBuildFile; fileRef = 10E2F818232625EC007A28F6 /* Main.storyboard */; };
		10E2F81C232625EC007A28F6 /* Assets.xcassets in Resources */ = {isa = PBXBuildFile; fileRef = 10E2F81B232625EC007A28F6 /* Assets.xcassets */; };
		10E2F81F232625EC007A28F6 /* LaunchScreen.storyboard in Resources */ = {isa = PBXBuildFile; fileRef = 10E2F81D232625EC007A28F6 /* LaunchScreen.storyboard */; };
		10E2F82A232625EC007A28F6 /* OtborWINERTests.swift in Sources */ = {isa = PBXBuildFile; fileRef = 10E2F829232625EC007A28F6 /* OtborWINERTests.swift */; };
		10E2F835232625EC007A28F6 /* OtborWINERUITests.swift in Sources */ = {isa = PBXBuildFile; fileRef = 10E2F834232625EC007A28F6 /* OtborWINERUITests.swift */; };
/* End PBXBuildFile section */

/* Begin PBXContainerItemProxy section */
		10E2F826232625EC007A28F6 /* PBXContainerItemProxy */ = {
			isa = PBXContainerItemProxy;
			containerPortal = 10E2F809232625EC007A28F6 /* Project object */;
			proxyType = 1;
			remoteGlobalIDString = 10E2F810232625EC007A28F6;
			remoteInfo = OtborWINER;
		};
		10E2F831232625EC007A28F6 /* PBXContainerItemProxy */ = {
			isa = PBXContainerItemProxy;
			containerPortal = 10E2F809232625EC007A28F6 /* Project object */;
			proxyType = 1;
			remoteGlobalIDString = 10E2F810232625EC007A28F6;
			remoteInfo = OtborWINER;
		};
/* End PBXContainerItemProxy section */

/* Begin PBXFileReference section */
		10E2F811232625EC007A28F6 /* OtborWINER.app */ = {isa = PBXFileReference; explicitFileType = wrapper.application; includeInIndex = 0; path = OtborWINER.app; sourceTree = BUILT_PRODUCTS_DIR; };
		10E2F814232625EC007A28F6 /* AppDelegate.swift */ = {isa = PBXFileReference; lastKnownFileType = sourcecode.swift; path = AppDelegate.swift; sourceTree = "<group>"; };
		10E2F816232625EC007A28F6 /* ViewController.swift */ = {isa = PBXFileReference; lastKnownFileType = sourcecode.swift; path = ViewController.swift; sourceTree = "<group>"; };
		10E2F819232625EC007A28F6 /* Base */ = {isa = PBXFileReference; lastKnownFileType = file.storyboard; name = Base; path = Base.lproj/Main.storyboard; sourceTree = "<group>"; };
		10E2F81B232625EC007A28F6 /* Assets.xcassets */ = {isa = PBXFileReference; lastKnownFileType = folder.assetcatalog; path = Assets.xcassets; sourceTree = "<group>"; };
		10E2F81E232625EC007A28F6 /* Base */ = {isa = PBXFileReference; lastKnownFileType = file.storyboard; name = Base; path = Base.lproj/LaunchScreen.storyboard; sourceTree = "<group>"; };
		10E2F820232625EC007A28F6 /* Info.plist */ = {isa = PBXFileReference; lastKnownFileType = text.plist.xml; path = Info.plist; sourceTree = "<group>"; };
		10E2F825232625EC007A28F6 /* OtborWINERTests.xctest */ = {isa = PBXFileReference; explicitFileType = wrapper.cfbundle; includeInIndex = 0; path = OtborWINERTests.xctest; sourceTree = BUILT_PRODUCTS_DIR; };
		10E2F829232625EC007A28F6 /* OtborWINERTests.swift */ = {isa = PBXFileReference; lastKnownFileType = sourcecode.swift; path = OtborWINERTests.swift; sourceTree = "<group>"; };
		10E2F82B232625EC007A28F6 /* Info.plist */ = {isa = PBXFileReference; lastKnownFileType = text.plist.xml; path = Info.plist; sourceTree = "<group>"; };
		10E2F830232625EC007A28F6 /* OtborWINERUITests.xctest */ = {isa = PBXFileReference; explicitFileType = wrapper.cfbundle; includeInIndex = 0; path = OtborWINERUITests.xctest; sourceTree = BUILT_PRODUCTS_DIR; };
		10E2F834232625EC007A28F6 /* OtborWINERUITests.swift */ = {isa = PBXFileReference; lastKnownFileType = sourcecode.swift; path = OtborWINERUITests.swift; sourceTree = "<group>"; };
		10E2F836232625EC007A28F6 /* Info.plist */ = {isa = PBXFileReference; lastKnownFileType = text.plist.xml; path = Info.plist; sourceTree = "<group>"; };
/* End PBXFileReference section */

/* Begin PBXFrameworksBuildPhase section */
		10E2F80E232625EC007A28F6 /* Frameworks */ = {
			isa = PBXFrameworksBuildPhase;
			buildActionMask = 2147483647;
			files = (
			);
			runOnlyForDeploymentPostprocessing = 0;
		};
		10E2F822232625EC007A28F6 /* Frameworks */ = {
			isa = PBXFrameworksBuildPhase;
			buildActionMask = 2147483647;
			files = (
			);
			runOnlyForDeploymentPostprocessing = 0;
		};
		10E2F82D232625EC007A28F6 /* Frameworks */ = {
			isa = PBXFrameworksBuildPhase;
			buildActionMask = 2147483647;
			files = (
			);
			runOnlyForDeploymentPostprocessing = 0;
		};
/* End PBXFrameworksBuildPhase section */

/* Begin PBXGroup section */
		10E2F808232625EC007A28F6 = {
			isa = PBXGroup;
			children = (
				10E2F813232625EC007A28F6 /* OtborWINER */,
				10E2F828232625EC007A28F6 /* OtborWINERTests */,
				10E2F833232625EC007A28F6 /* OtborWINERUITests */,
				10E2F812232625EC007A28F6 /* Products */,
			);
			sourceTree = "<group>";
		};
		10E2F812232625EC007A28F6 /* Products */ = {
			isa = PBXGroup;
			children = (
				10E2F811232625EC007A28F6 /* OtborWINER.app */,
				10E2F825232625EC007A28F6 /* OtborWINERTests.xctest */,
				10E2F830232625EC007A28F6 /* OtborWINERUITests.xctest */,
			);
			name = Products;
			sourceTree = "<group>";
		};
		10E2F813232625EC007A28F6 /* OtborWINER */ = {
			isa = PBXGroup;
			children = (
				10E2F814232625EC007A28F6 /* AppDelegate.swift */,
				10E2F816232625EC007A28F6 /* ViewController.swift */,
				10E2F818232625EC007A28F6 /* Main.storyboard */,
				10E2F81B232625EC007A28F6 /* Assets.xcassets */,
				10E2F81D232625EC007A28F6 /* LaunchScreen.storyboard */,
				10E2F820232625EC007A28F6 /* Info.plist */,
			);
			path = OtborWINER;
			sourceTree = "<group>";
		};
		10E2F828232625EC007A28F6 /* OtborWINERTests */ = {
			isa = PBXGroup;
			children = (
				10E2F829232625EC007A28F6 /* OtborWINERTests.swift */,
				10E2F82B232625EC007A28F6 /* Info.plist */,
			);
			path = OtborWINERTests;
			sourceTree = "<group>";
		};
		10E2F833232625EC007A28F6 /* OtborWINERUITests */ = {
			isa = PBXGroup;
			children = (
				10E2F834232625EC007A28F6 /* OtborWINERUITests.swift */,
				10E2F836232625EC007A28F6 /* Info.plist */,
			);
			path = OtborWINERUITests;
			sourceTree = "<group>";
		};
/* End PBXGroup section */

/* Begin PBXNativeTarget section */
		10E2F810232625EC007A28F6 /* OtborWINER */ = {
			isa = PBXNativeTarget;
			buildConfigurationList = 10E2F839232625EC007A28F6 /* Build configuration list for PBXNativeTarget "OtborWINER" */;
			buildPhases = (
				10E2F80D232625EC007A28F6 /* Sources */,
				10E2F80E232625EC007A28F6 /* Frameworks */,
				10E2F80F232625EC007A28F6 /* Resources */,
			);
			buildRules = (
			);
			dependencies = (
			);
			name = OtborWINER;
			productName = OtborWINER;
			productReference = 10E2F811232625EC007A28F6 /* OtborWINER.app */;
			productType = "com.apple.product-type.application";
		};
		10E2F824232625EC007A28F6 /* OtborWINERTests */ = {
			isa = PBXNativeTarget;
			buildConfigurationList = 10E2F83C232625EC007A28F6 /* Build configuration list for PBXNativeTarget "OtborWINERTests" */;
			buildPhases = (
				10E2F821232625EC007A28F6 /* Sources */,
				10E2F822232625EC007A28F6 /* Frameworks */,
				10E2F823232625EC007A28F6 /* Resources */,
			);
			buildRules = (
			);
			dependencies = (
				10E2F827232625EC007A28F6 /* PBXTargetDependency */,
			);
			name = OtborWINERTests;
			productName = OtborWINERTests;
			productReference = 10E2F825232625EC007A28F6 /* OtborWINERTests.xctest */;
			productType = "com.apple.product-type.bundle.unit-test";
		};
		10E2F82F232625EC007A28F6 /* OtborWINERUITests */ = {
			isa = PBXNativeTarget;
			buildConfigurationList = 10E2F83F232625EC007A28F6 /* Build configuration list for PBXNativeTarget "OtborWINERUITests" */;
			buildPhases = (
				10E2F82C232625EC007A28F6 /* Sources */,
				10E2F82D232625EC007A28F6 /* Frameworks */,
				10E2F82E232625EC007A28F6 /* Resources */,
			);
			buildRules = (
			);
			dependencies = (
				10E2F832232625EC007A28F6 /* PBXTargetDependency */,
			);
			name = OtborWINERUITests;
			productName = OtborWINERUITests;
			productReference = 10E2F830232625EC007A28F6 /* OtborWINERUITests.xctest */;
			productType = "com.apple.product-type.bundle.ui-testing";
		};
/* End PBXNativeTarget section */

/* Begin PBXProject section */
		10E2F809232625EC007A28F6 /* Project object */ = {
			isa = PBXProject;
			attributes = {
				LastSwiftUpdateCheck = 1030;
				LastUpgradeCheck = 1030;
				ORGANIZATIONNAME = WSR;
				TargetAttributes = {
					10E2F810232625EC007A28F6 = {
						CreatedOnToolsVersion = 10.3;
					};
					10E2F824232625EC007A28F6 = {
						CreatedOnToolsVersion = 10.3;
						TestTargetID = 10E2F810232625EC007A28F6;
					};
					10E2F82F232625EC007A28F6 = {
						CreatedOnToolsVersion = 10.3;
						TestTargetID = 10E2F810232625EC007A28F6;
					};
				};
			};
			buildConfigurationList = 10E2F80C232625EC007A28F6 /* Build configuration list for PBXProject "OtborWINER" */;
			compatibilityVersion = "Xcode 9.3";
			developmentRegion = en;
			hasScannedForEncodings = 0;
			knownRegions = (
				en,
				Base,
			);
			mainGroup = 10E2F808232625EC007A28F6;
			productRefGroup = 10E2F812232625EC007A28F6 /* Products */;
			projectDirPath = "";
			projectRoot = "";
			targets = (
				10E2F810232625EC007A28F6 /* OtborWINER */,
				10E2F824232625EC007A28F6 /* OtborWINERTests */,
				10E2F82F232625EC007A28F6 /* OtborWINERUITests */,
			);
		};
/* End PBXProject section */

/* Begin PBXResourcesBuildPhase section */
		10E2F80F232625EC007A28F6 /* Resources */ = {
			isa = PBXResourcesBuildPhase;
			buildActionMask = 2147483647;
			files = (
				10E2F81F232625EC007A28F6 /* LaunchScreen.storyboard in Resources */,
				10E2F81C232625EC007A28F6 /* Assets.xcassets in Resources */,
				10E2F81A232625EC007A28F6 /* Main.storyboard in Resources */,
			);
			runOnlyForDeploymentPostprocessing = 0;
		};
		10E2F823232625EC007A28F6 /* Resources */ = {
			isa = PBXResourcesBuildPhase;
			buildActionMask = 2147483647;
			files = (
			);
			runOnlyForDeploymentPostprocessing = 0;
		};
		10E2F82E232625EC007A28F6 /* Resources */ = {
			isa = PBXResourcesBuildPhase;
			buildActionMask = 2147483647;
			files = (
			);
			runOnlyForDeploymentPostprocessing = 0;
		};
/* End PBXResourcesBuildPhase section */

/* Begin PBXSourcesBuildPhase section */
		10E2F80D232625EC007A28F6 /* Sources */ = {
			isa = PBXSourcesBuildPhase;
			buildActionMask = 2147483647;
			files = (
				10E2F817232625EC007A28F6 /* ViewController.swift in Sources */,
				10E2F815232625EC007A28F6 /* AppDelegate.swift in Sources */,
			);
			runOnlyForDeploymentPostprocessing = 0;
		};
		10E2F821232625EC007A28F6 /* Sources */ = {
			isa = PBXSourcesBuildPhase;
			buildActionMask = 2147483647;
			files = (
				10E2F82A232625EC007A28F6 /* OtborWINERTests.swift in Sources */,
			);
			runOnlyForDeploymentPostprocessing = 0;
		};
		10E2F82C232625EC007A28F6 /* Sources */ = {
			isa = PBXSourcesBuildPhase;
			buildActionMask = 2147483647;
			files = (
				10E2F835232625EC007A28F6 /* OtborWINERUITests.swift in Sources */,
			);
			runOnlyForDeploymentPostprocessing = 0;
		};
/* End PBXSourcesBuildPhase section */

/* Begin PBXTargetDependency section */
		10E2F827232625EC007A28F6 /* PBXTargetDependency */ = {
			isa = PBXTargetDependency;
			target = 10E2F810232625EC007A28F6 /* OtborWINER */;
			targetProxy = 10E2F826232625EC007A28F6 /* PBXContainerItemProxy */;
		};
		10E2F832232625EC007A28F6 /* PBXTargetDependency */ = {
			isa = PBXTargetDependency;
			target = 10E2F810232625EC007A28F6 /* OtborWINER */;
			targetProxy = 10E2F831232625EC007A28F6 /* PBXContainerItemProxy */;
		};
/* End PBXTargetDependency section */

/* Begin PBXVariantGroup section */
		10E2F818232625EC007A28F6 /* Main.storyboard */ = {
			isa = PBXVariantGroup;
			children = (
				10E2F819232625EC007A28F6 /* Base */,
			);
			name = Main.storyboard;
			sourceTree = "<group>";
		};
		10E2F81D232625EC007A28F6 /* LaunchScreen.storyboard */ = {
			isa = PBXVariantGroup;
			children = (
				10E2F81E232625EC007A28F6 /* Base */,
			);
			name = LaunchScreen.storyboard;
			sourceTree = "<group>";
		};
/* End PBXVariantGroup section */

/* Begin XCBuildConfiguration section */
		10E2F837232625EC007A28F6 /* Debug */ = {
			isa = XCBuildConfiguration;
			buildSettings = {
				ALWAYS_SEARCH_USER_PATHS = NO;
				CLANG_ANALYZER_NONNULL = YES;
				CLANG_ANALYZER_NUMBER_OBJECT_CONVERSION = YES_AGGRESSIVE;
				CLANG_CXX_LANGUAGE_STANDARD = "gnu++14";
				CLANG_CXX_LIBRARY = "libc++";
				CLANG_ENABLE_MODULES = YES;
				CLANG_ENABLE_OBJC_ARC = YES;
				CLANG_ENABLE_OBJC_WEAK = YES;
				CLANG_WARN_BLOCK_CAPTURE_AUTORELEASING = YES;
				CLANG_WARN_BOOL_CONVERSION = YES;
				CLANG_WARN_COMMA = YES;
				CLANG_WARN_CONSTANT_CONVERSION = YES;
				CLANG_WARN_DEPRECATED_OBJC_IMPLEMENTATIONS = YES;
				CLANG_WARN_DIRECT_OBJC_ISA_USAGE = YES_ERROR;
				CLANG_WARN_DOCUMENTATION_COMMENTS = YES;
				CLANG_WARN_EMPTY_BODY = YES;
				CLANG_WARN_ENUM_CONVERSION = YES;
				CLANG_WARN_INFINITE_RECURSION = YES;
				CLANG_WARN_INT_CONVERSION = YES;
				CLANG_WARN_NON_LITERAL_NULL_CONVERSION = YES;
				CLANG_WARN_OBJC_IMPLICIT_RETAIN_SELF = YES;
				CLANG_WARN_OBJC_LITERAL_CONVERSION = YES;
				CLANG_WARN_OBJC_ROOT_CLASS = YES_ERROR;
				CLANG_WARN_RANGE_LOOP_ANALYSIS = YES;
				CLANG_WARN_STRICT_PROTOTYPES = YES;
				CLANG_WARN_SUSPICIOUS_MOVE = YES;
				CLANG_WARN_UNGUARDED_AVAILABILITY = YES_AGGRESSIVE;
				CLANG_WARN_UNREACHABLE_CODE = YES;
				CLANG_WARN__DUPLICATE_METHOD_MATCH = YES;
				CODE_SIGN_IDENTITY = "iPhone Developer";
				COPY_PHASE_STRIP = NO;
				DEBUG_INFORMATION_FORMAT = dwarf;
				ENABLE_STRICT_OBJC_MSGSEND = YES;
				ENABLE_TESTABILITY = YES;
				GCC_C_LANGUAGE_STANDARD = gnu11;
				GCC_DYNAMIC_NO_PIC = NO;
				GCC_NO_COMMON_BLOCKS = YES;
				GCC_OPTIMIZATION_LEVEL = 0;
				GCC_PREPROCESSOR_DEFINITIONS = (
					"DEBUG=1",
					"$(inherited)",
				);
				GCC_WARN_64_TO_32_BIT_CONVERSION = YES;
				GCC_WARN_ABOUT_RETURN_TYPE = YES_ERROR;
				GCC_WARN_UNDECLARED_SELECTOR = YES;
				GCC_WARN_UNINITIALIZED_AUTOS = YES_AGGRESSIVE;
				GCC_WARN_UNUSED_FUNCTION = YES;
				GCC_WARN_UNUSED_VARIABLE = YES;
				IPHONEOS_DEPLOYMENT_TARGET = 12.4;
				MTL_ENABLE_DEBUG_INFO = INCLUDE_SOURCE;
				MTL_FAST_MATH = YES;
				ONLY_ACTIVE_ARCH = YES;
				SDKROOT = iphoneos;
				SWIFT_ACTIVE_COMPILATION_CONDITIONS = DEBUG;
				SWIFT_OPTIMIZATION_LEVEL = "-Onone";
			};
			name = Debug;
		};
		10E2F838232625EC007A28F6 /* Release */ = {
			isa = XCBuildConfiguration;
			buildSettings = {
				ALWAYS_SEARCH_USER_PATHS = NO;
				CLANG_ANALYZER_NONNULL = YES;
				CLANG_ANALYZER_NUMBER_OBJECT_CONVERSION = YES_AGGRESSIVE;
				CLANG_CXX_LANGUAGE_STANDARD = "gnu++14";
				CLANG_CXX_LIBRARY = "libc++";
				CLANG_ENABLE_MODULES = YES;
				CLANG_ENABLE_OBJC_ARC = YES;
				CLANG_ENABLE_OBJC_WEAK = YES;
				CLANG_WARN_BLOCK_CAPTURE_AUTORELEASING = YES;
				CLANG_WARN_BOOL_CONVERSION = YES;
				CLANG_WARN_COMMA = YES;
				CLANG_WARN_CONSTANT_CONVERSION = YES;
				CLANG_WARN_DEPRECATED_OBJC_IMPLEMENTATIONS = YES;
				CLANG_WARN_DIRECT_OBJC_ISA_USAGE = YES_ERROR;
				CLANG_WARN_DOCUMENTATION_COMMENTS = YES;
				CLANG_WARN_EMPTY_BODY = YES;
				CLANG_WARN_ENUM_CONVERSION = YES;
				CLANG_WARN_INFINITE_RECURSION = YES;
				CLANG_WARN_INT_CONVERSION = YES;
				CLANG_WARN_NON_LITERAL_NULL_CONVERSION = YES;
				CLANG_WARN_OBJC_IMPLICIT_RETAIN_SELF = YES;
				CLANG_WARN_OBJC_LITERAL_CONVERSION = YES;
				CLANG_WARN_OBJC_ROOT_CLASS = YES_ERROR;
				CLANG_WARN_RANGE_LOOP_ANALYSIS = YES;
				CLANG_WARN_STRICT_PROTOTYPES = YES;
				CLANG_WARN_SUSPICIOUS_MOVE = YES;
				CLANG_WARN_UNGUARDED_AVAILABILITY = YES_AGGRESSIVE;
				CLANG_WARN_UNREACHABLE_CODE = YES;
				CLANG_WARN__DUPLICATE_METHOD_MATCH = YES;
				CODE_SIGN_IDENTITY = "iPhone Developer";
				COPY_PHASE_STRIP = NO;
				DEBUG_INFORMATION_FORMAT = "dwarf-with-dsym";
				ENABLE_NS_ASSERTIONS = NO;
				ENABLE_STRICT_OBJC_MSGSEND = YES;
				GCC_C_LANGUAGE_STANDARD = gnu11;
				GCC_NO_COMMON_BLOCKS = YES;
				GCC_WARN_64_TO_32_BIT_CONVERSION = YES;
				GCC_WARN_ABOUT_RETURN_TYPE = YES_ERROR;
				GCC_WARN_UNDECLARED_SELECTOR = YES;
				GCC_WARN_UNINITIALIZED_AUTOS = YES_AGGRESSIVE;
				GCC_WARN_UNUSED_FUNCTION = YES;
				GCC_WARN_UNUSED_VARIABLE = YES;
				IPHONEOS_DEPLOYMENT_TARGET = 12.4;
				MTL_ENABLE_DEBUG_INFO = NO;
				MTL_FAST_MATH = YES;
				SDKROOT = iphoneos;
				SWIFT_COMPILATION_MODE = wholemodule;
				SWIFT_OPTIMIZATION_LEVEL = "-O";
				VALIDATE_PRODUCT = YES;
			};
			name = Release;
		};
		10E2F83A232625EC007A28F6 /* Debug */ = {
			isa = XCBuildConfiguration;
			buildSettings = {
				ASSETCATALOG_COMPILER_APPICON_NAME = AppIcon;
				CODE_SIGN_STYLE = Automatic;
				INFOPLIST_FILE = OtborWINER/Info.plist;
				LD_RUNPATH_SEARCH_PATHS = (
					"$(inherited)",
					"@executable_path/Frameworks",
				);
				PRODUCT_BUNDLE_IDENTIFIER = com.DexMP.OtborWINER;
				PRODUCT_NAME = "$(TARGET_NAME)";
				SWIFT_VERSION = 5.0;
				TARGETED_DEVICE_FAMILY = "1,2";
			};
			name = Debug;
		};
		10E2F83B232625EC007A28F6 /* Release */ = {
			isa = XCBuildConfiguration;
			buildSettings = {
				ASSETCATALOG_COMPILER_APPICON_NAME = AppIcon;
				CODE_SIGN_STYLE = Automatic;
				INFOPLIST_FILE = OtborWINER/Info.plist;
				LD_RUNPATH_SEARCH_PATHS = (
					"$(inherited)",
					"@executable_path/Frameworks",
				);
				PRODUCT_BUNDLE_IDENTIFIER = com.DexMP.OtborWINER;
				PRODUCT_NAME = "$(TARGET_NAME)";
				SWIFT_VERSION = 5.0;
				TARGETED_DEVICE_FAMILY = "1,2";
			};
			name = Release;
		};
		10E2F83D232625EC007A28F6 /* Debug */ = {
			isa = XCBuildConfiguration;
			buildSettings = {
				ALWAYS_EMBED_SWIFT_STANDARD_LIBRARIES = YES;
				BUNDLE_LOADER = "$(TEST_HOST)";
				CODE_SIGN_STYLE = Automatic;
				INFOPLIST_FILE = OtborWINERTests/Info.plist;
				LD_RUNPATH_SEARCH_PATHS = (
					"$(inherited)",
					"@executable_path/Frameworks",
					"@loader_path/Frameworks",
				);
				PRODUCT_BUNDLE_IDENTIFIER = com.DexMP.OtborWINERTests;
				PRODUCT_NAME = "$(TARGET_NAME)";
				SWIFT_VERSION = 5.0;
				TARGETED_DEVICE_FAMILY = "1,2";
				TEST_HOST = "$(BUILT_PRODUCTS_DIR)/OtborWINER.app/OtborWINER";
			};
			name = Debug;
		};
		10E2F83E232625EC007A28F6 /* Release */ = {
			isa = XCBuildConfiguration;
			buildSettings = {
				ALWAYS_EMBED_SWIFT_STANDARD_LIBRARIES = YES;
				BUNDLE_LOADER = "$(TEST_HOST)";
				CODE_SIGN_STYLE = Automatic;
				INFOPLIST_FILE = OtborWINERTests/Info.plist;
				LD_RUNPATH_SEARCH_PATHS = (
					"$(inherited)",
					"@executable_path/Frameworks",
					"@loader_path/Frameworks",
				);
				PRODUCT_BUNDLE_IDENTIFIER = com.DexMP.OtborWINERTests;
				PRODUCT_NAME = "$(TARGET_NAME)";
				SWIFT_VERSION = 5.0;
				TARGETED_DEVICE_FAMILY = "1,2";
				TEST_HOST = "$(BUILT_PRODUCTS_DIR)/OtborWINER.app/OtborWINER";
			};
			name = Release;
		};
		10E2F840232625EC007A28F6 /* Debug */ = {
			isa = XCBuildConfiguration;
			buildSettings = {
				ALWAYS_EMBED_SWIFT_STANDARD_LIBRARIES = YES;
				CODE_SIGN_STYLE = Automatic;
				INFOPLIST_FILE = OtborWINERUITests/Info.plist;
				LD_RUNPATH_SEARCH_PATHS = (
					"$(inherited)",
					"@executable_path/Frameworks",
					"@loader_path/Frameworks",
				);
				PRODUCT_BUNDLE_IDENTIFIER = com.DexMP.OtborWINERUITests;
				PRODUCT_NAME = "$(TARGET_NAME)";
				SWIFT_VERSION = 5.0;
				TARGETED_DEVICE_FAMILY = "1,2";
				TEST_TARGET_NAME = OtborWINER;
			};
			name = Debug;
		};
		10E2F841232625EC007A28F6 /* Release */ = {
			isa = XCBuildConfiguration;
			buildSettings = {
				ALWAYS_EMBED_SWIFT_STANDARD_LIBRARIES = YES;
				CODE_SIGN_STYLE = Automatic;
				INFOPLIST_FILE = OtborWINERUITests/Info.plist;
				LD_RUNPATH_SEARCH_PATHS = (
					"$(inherited)",
					"@executable_path/Frameworks",
					"@loader_path/Frameworks",
				);
				PRODUCT_BUNDLE_IDENTIFIER = com.DexMP.OtborWINERUITests;
				PRODUCT_NAME = "$(TARGET_NAME)";
				SWIFT_VERSION = 5.0;
				TARGETED_DEVICE_FAMILY = "1,2";
				TEST_TARGET_NAME = OtborWINER;
			};
			name = Release;
		};
/* End XCBuildConfiguration section */

/* Begin XCConfigurationList section */
		10E2F80C232625EC007A28F6 /* Build configuration list for PBXProject "OtborWINER" */ = {
			isa = XCConfigurationList;
			buildConfigurations = (
				10E2F837232625EC007A28F6 /* Debug */,
				10E2F838232625EC007A28F6 /* Release */,
			);
			defaultConfigurationIsVisible = 0;
			defaultConfigurationName = Release;
		};
		10E2F839232625EC007A28F6 /* Build configuration list for PBXNativeTarget "OtborWINER" */ = {
			isa = XCConfigurationList;
			buildConfigurations = (
				10E2F83A232625EC007A28F6 /* Debug */,
				10E2F83B232625EC007A28F6 /* Release */,
			);
			defaultConfigurationIsVisible = 0;
			defaultConfigurationName = Release;
		};
		10E2F83C232625EC007A28F6 /* Build configuration list for PBXNativeTarget "OtborWINERTests" */ = {
			isa = XCConfigurationList;
			buildConfigurations = (
				10E2F83D232625EC007A28F6 /* Debug */,
				10E2F83E232625EC007A28F6 /* Release */,
			);
			defaultConfigurationIsVisible = 0;
			defaultConfigurationName = Release;
		};
		10E2F83F232625EC007A28F6 /* Build configuration list for PBXNativeTarget "OtborWINERUITests" */ = {
			isa = XCConfigurationList;
			buildConfigurations = (
				10E2F840232625EC007A28F6 /* Debug */,
				10E2F841232625EC007A28F6 /* Release */,
			);
			defaultConfigurationIsVisible = 0;
			defaultConfigurationName = Release;
		};
/* End XCConfigurationList section */
	};
	rootObject = 10E2F809232625EC007A28F6 /* Project object */;
}
